
Microsoft Visual Studio Solution File, Format Version 12.00
# Visual Studio Version 16
VisualStudioVersion = 16.0.30114.105
MinimumVisualStudioVersion = 10.0.40219.1
Project("{FAE04EC0-301F-11D3-BF4B-00C04F79EFBC}") = "FractalExplorer", "FractalExplorer.csproj", "{599E1188-7994-4EE2-BA69-FA12F1CC3B8B}"
EndProject
Global
	GlobalSection(SolutionConfigurationPlatforms) = preSolution
		Debug|Any CPU = Debug|Any CPU
		Release|Any CPU = Release|Any CPU
	EndGlobalSection
	GlobalSection(ProjectConfigurationPlatforms) = postSolution
		{599E1188-7994-4EE2-BA69-FA12F1CC3B8B}.Debug|Any CPU.ActiveCfg = Debug|Any CPU
		{599E1188-7994-4EE2-BA69-FA12F1CC3B8B}.Debug|Any CPU.Build.0 = Debug|Any CPU
		{599E1188-7994-4EE2-BA69-FA12F1CC3B8B}.Release|Any CPU.ActiveCfg = Release|Any CPU
		{599E1188-7994-4EE2-BA69-FA12F1CC3B8B}.Release|Any CPU.Build.0 = Release|Any CPU
	EndGlobalSection
	GlobalSection(SolutionProperties) = preSolution
		HideSolutionNode = FALSE
	EndGlobalSection
	GlobalSection(ExtensibilityGlobals) = postSolution
		SolutionGuid = {710FE401-659E-4B39-A357-1C01985ED1CD}
	EndGlobalSection
EndGlobal
